
Microsoft Visual Studio Solution File, Format Version 12.00
# Visual Studio 15
VisualStudioVersion = 15.0.28307.645
MinimumVisualStudioVersion = 10.0.40219.1
Project("{FAE04EC0-301F-11D3-BF4B-00C04F79EFBC}") = "Bindable.Linq", "Bindable.Linq\Bindable.Linq.csproj", "{DB9410A6-3E19-4AA7-8AD2-DDF0C1613743}"
EndProject
Global
	GlobalSection(SolutionConfigurationPlatforms) = preSolution
		Debug|Any CPU = Debug|Any CPU
		Release|Any CPU = Release|Any CPU
	EndGlobalSection
	GlobalSection(ProjectConfigurationPlatforms) = postSolution
		{DB9410A6-3E19-4AA7-8AD2-DDF0C1613743}.Debug|Any CPU.ActiveCfg = Debug|Any CPU
		{DB9410A6-3E19-4AA7-8AD2-DDF0C1613743}.Debug|Any CPU.Build.0 = Debug|Any CPU
		{DB9410A6-3E19-4AA7-8AD2-DDF0C1613743}.Release|Any CPU.ActiveCfg = Release|Any CPU
		{DB9410A6-3E19-4AA7-8AD2-DDF0C1613743}.Release|Any CPU.Build.0 = Release|Any CPU
	EndGlobalSection
	GlobalSection(SolutionProperties) = preSolution
		HideSolutionNode = FALSE
	EndGlobalSection
	GlobalSection(ExtensibilityGlobals) = postSolution
		SolutionGuid = {304AB64E-EC64-46F6-BBB8-23B43218877F}
	EndGlobalSection
EndGlobal
